
Microsoft Visual Studio Solution File, Format Version 12.00
# Visual Studio Version 17
VisualStudioVersion = 17.6.33815.320
MinimumVisualStudioVersion = 10.0.40219.1
Project("{FAE04EC0-301F-11D3-BF4B-00C04F79EFBC}") = "MvcMovie", "MvcMovie.csproj", "{A2D32A78-C32D-4B88-B616-CF369E578F3C}"
EndProject
Global
	GlobalSection(SolutionConfigurationPlatforms) = preSolution
		Debug|Any CPU = Debug|Any CPU
		Release|Any CPU = Release|Any CPU
	EndGlobalSection
	GlobalSection(ProjectConfigurationPlatforms) = postSolution
		{A2D32A78-C32D-4B88-B616-CF369E578F3C}.Debug|Any CPU.ActiveCfg = Debug|Any CPU
		{A2D32A78-C32D-4B88-B616-CF369E578F3C}.Debug|Any CPU.Build.0 = Debug|Any CPU
		{A2D32A78-C32D-4B88-B616-CF369E578F3C}.Release|Any CPU.ActiveCfg = Release|Any CPU
		{A2D32A78-C32D-4B88-B616-CF369E578F3C}.Release|Any CPU.Build.0 = Release|Any CPU
	EndGlobalSection
	GlobalSection(SolutionProperties) = preSolution
		HideSolutionNode = FALSE
	EndGlobalSection
	GlobalSection(ExtensibilityGlobals) = postSolution
		SolutionGuid = {AF26E81F-4694-4EA3-89DC-5A355A4C4C11}
	EndGlobalSection
EndGlobal
